
Microsoft Visual Studio Solution File, Format Version 12.00
# Visual Studio Version 17
VisualStudioVersion = 17.10.35004.147
MinimumVisualStudioVersion = 10.0.40219.1
Project("{FAE04EC0-301F-11D3-BF4B-00C04F79EFBC}") = "bai9", "bai9\bai9.csproj", "{7D6D7084-8F4B-426F-854D-EC349F8723A2}"
EndProject
Global
	GlobalSection(SolutionConfigurationPlatforms) = preSolution
		Debug|Any CPU = Debug|Any CPU
		Release|Any CPU = Release|Any CPU
	EndGlobalSection
	GlobalSection(ProjectConfigurationPlatforms) = postSolution
		{7D6D7084-8F4B-426F-854D-EC349F8723A2}.Debug|Any CPU.ActiveCfg = Debug|Any CPU
		{7D6D7084-8F4B-426F-854D-EC349F8723A2}.Debug|Any CPU.Build.0 = Debug|Any CPU
		{7D6D7084-8F4B-426F-854D-EC349F8723A2}.Release|Any CPU.ActiveCfg = Release|Any CPU
		{7D6D7084-8F4B-426F-854D-EC349F8723A2}.Release|Any CPU.Build.0 = Release|Any CPU
	EndGlobalSection
	GlobalSection(SolutionProperties) = preSolution
		HideSolutionNode = FALSE
	EndGlobalSection
	GlobalSection(ExtensibilityGlobals) = postSolution
		SolutionGuid = {56E9B958-0803-48B5-AAC5-42FAA41BD1ED}
	EndGlobalSection
EndGlobal
